
Microsoft Visual Studio Solution File, Format Version 12.00
# Visual Studio Version 17
VisualStudioVersion = 17.3.32922.545
MinimumVisualStudioVersion = 10.0.40219.1
Project("{FAE04EC0-301F-11D3-BF4B-00C04F79EFBC}") = "OrderManagement.Domain", "OrderManagement.Domain\OrderManagement.Domain.csproj", "{30920572-FED9-4F83-98CB-F5D6EA8C3063}"
EndProject
Global
	GlobalSection(SolutionConfigurationPlatforms) = preSolution
		Debug|Any CPU = Debug|Any CPU
		Release|Any CPU = Release|Any CPU
	EndGlobalSection
	GlobalSection(ProjectConfigurationPlatforms) = postSolution
		{30920572-FED9-4F83-98CB-F5D6EA8C3063}.Debug|Any CPU.ActiveCfg = Debug|Any CPU
		{30920572-FED9-4F83-98CB-F5D6EA8C3063}.Debug|Any CPU.Build.0 = Debug|Any CPU
		{30920572-FED9-4F83-98CB-F5D6EA8C3063}.Release|Any CPU.ActiveCfg = Release|Any CPU
		{30920572-FED9-4F83-98CB-F5D6EA8C3063}.Release|Any CPU.Build.0 = Release|Any CPU
	EndGlobalSection
	GlobalSection(SolutionProperties) = preSolution
		HideSolutionNode = FALSE
	EndGlobalSection
	GlobalSection(ExtensibilityGlobals) = postSolution
		SolutionGuid = {6B0BD0B5-48C0-42FB-896F-92B1FFF6995C}
	EndGlobalSection
EndGlobal
